
Microsoft Visual Studio Solution File, Format Version 12.00
# Visual Studio Version 17
VisualStudioVersion = 17.14.36221.1
MinimumVisualStudioVersion = 10.0.40219.1
Project("{FAE04EC0-301F-11D3-BF4B-00C04F79EFBC}") = "MoreResources", "MoreResources\MoreResources.csproj", "{FC720548-9929-44AF-91FE-6D5130E524DF}"
EndProject
Project("{FAE04EC0-301F-11D3-BF4B-00C04F79EFBC}") = "BetterDrops", "BetterDrops\BetterDrops.csproj", "{F989D70A-7C21-43C5-9EDE-E359BC0BEBE1}"
EndProject
Global
	GlobalSection(SolutionConfigurationPlatforms) = preSolution
		Debug|Any CPU = Debug|Any CPU
		Release|Any CPU = Release|Any CPU
	EndGlobalSection
	GlobalSection(ProjectConfigurationPlatforms) = postSolution
		{FC720548-9929-44AF-91FE-6D5130E524DF}.Debug|Any CPU.ActiveCfg = Debug|Any CPU
		{FC720548-9929-44AF-91FE-6D5130E524DF}.Debug|Any CPU.Build.0 = Debug|Any CPU
		{FC720548-9929-44AF-91FE-6D5130E524DF}.Release|Any CPU.ActiveCfg = Release|Any CPU
		{FC720548-9929-44AF-91FE-6D5130E524DF}.Release|Any CPU.Build.0 = Release|Any CPU
		{F989D70A-7C21-43C5-9EDE-E359BC0BEBE1}.Debug|Any CPU.ActiveCfg = Debug|Any CPU
		{F989D70A-7C21-43C5-9EDE-E359BC0BEBE1}.Debug|Any CPU.Build.0 = Debug|Any CPU
		{F989D70A-7C21-43C5-9EDE-E359BC0BEBE1}.Release|Any CPU.ActiveCfg = Release|Any CPU
		{F989D70A-7C21-43C5-9EDE-E359BC0BEBE1}.Release|Any CPU.Build.0 = Release|Any CPU
	EndGlobalSection
	GlobalSection(SolutionProperties) = preSolution
		HideSolutionNode = FALSE
	EndGlobalSection
	GlobalSection(ExtensibilityGlobals) = postSolution
		SolutionGuid = {F16DE368-C8AD-4BDC-8190-533662CDBD61}
	EndGlobalSection
EndGlobal
